
Microsoft Visual Studio Solution File, Format Version 12.00
# Visual Studio Version 17
VisualStudioVersion = 17.7.34202.233
MinimumVisualStudioVersion = 10.0.40219.1
Project("{9A19103F-16F7-4668-BE54-9A1E7A4F7556}") = "API", "API\API.csproj", "{78252B5E-CCFB-4932-A70F-DFD85FE2476A}"
EndProject
Project("{9A19103F-16F7-4668-BE54-9A1E7A4F7556}") = "Data", "Data\Data.csproj", "{7A17BBF9-CB22-4BF1-BEE3-9BBCE2144EF1}"
EndProject
Project("{9A19103F-16F7-4668-BE54-9A1E7A4F7556}") = "Models", "Models\Models.csproj", "{3C208BA3-4766-42A3-BDAF-2458F6AA594F}"
EndProject
Project("{2150E333-8FDC-42A3-9474-1A3956D46DE8}") = "Elementos de la solución", "Elementos de la solución", "{24581091-9FBB-45A1-A3AA-8CA958FC0741}"
	ProjectSection(SolutionItems) = preProject
		Dockerfile = Dockerfile
	EndProjectSection
EndProject
Global
	GlobalSection(SolutionConfigurationPlatforms) = preSolution
		Debug|Any CPU = Debug|Any CPU
		Release|Any CPU = Release|Any CPU
	EndGlobalSection
	GlobalSection(ProjectConfigurationPlatforms) = postSolution
		{78252B5E-CCFB-4932-A70F-DFD85FE2476A}.Debug|Any CPU.ActiveCfg = Debug|Any CPU
		{78252B5E-CCFB-4932-A70F-DFD85FE2476A}.Debug|Any CPU.Build.0 = Debug|Any CPU
		{78252B5E-CCFB-4932-A70F-DFD85FE2476A}.Release|Any CPU.ActiveCfg = Release|Any CPU
		{78252B5E-CCFB-4932-A70F-DFD85FE2476A}.Release|Any CPU.Build.0 = Release|Any CPU
		{7A17BBF9-CB22-4BF1-BEE3-9BBCE2144EF1}.Debug|Any CPU.ActiveCfg = Debug|Any CPU
		{7A17BBF9-CB22-4BF1-BEE3-9BBCE2144EF1}.Debug|Any CPU.Build.0 = Debug|Any CPU
		{7A17BBF9-CB22-4BF1-BEE3-9BBCE2144EF1}.Release|Any CPU.ActiveCfg = Release|Any CPU
		{7A17BBF9-CB22-4BF1-BEE3-9BBCE2144EF1}.Release|Any CPU.Build.0 = Release|Any CPU
		{3C208BA3-4766-42A3-BDAF-2458F6AA594F}.Debug|Any CPU.ActiveCfg = Debug|Any CPU
		{3C208BA3-4766-42A3-BDAF-2458F6AA594F}.Debug|Any CPU.Build.0 = Debug|Any CPU
		{3C208BA3-4766-42A3-BDAF-2458F6AA594F}.Release|Any CPU.ActiveCfg = Release|Any CPU
		{3C208BA3-4766-42A3-BDAF-2458F6AA594F}.Release|Any CPU.Build.0 = Release|Any CPU
	EndGlobalSection
	GlobalSection(SolutionProperties) = preSolution
		HideSolutionNode = FALSE
	EndGlobalSection
	GlobalSection(ExtensibilityGlobals) = postSolution
		SolutionGuid = {91A05D75-FBFA-4372-86AD-133151CA6CA3}
	EndGlobalSection
EndGlobal
